// !$*UTF8*$!
{
	archiveVersion = 1;
	classes = {
	};
	objectVersion = 56;
	objects = {

/* Begin PBXBuildFile section */
		62226C792A418221001E3130 /* AppDelegate.swift in Sources */ = {isa = PBXBuildFile; fileRef = 62226C782A418221001E3130 /* AppDelegate.swift */; };
		62226C7B2A418221001E3130 /* SceneDelegate.swift in Sources */ = {isa = PBXBuildFile; fileRef = 62226C7A2A418221001E3130 /* SceneDelegate.swift */; };
		62226C822A418222001E3130 /* Assets.xcassets in Resources */ = {isa = PBXBuildFile; fileRef = 62226C812A418222001E3130 /* Assets.xcassets */; };
		62226C852A418222001E3130 /* LaunchScreen.storyboard in Resources */ = {isa = PBXBuildFile; fileRef = 62226C832A418222001E3130 /* LaunchScreen.storyboard */; };
		62226C902A418222001E3130 /* TheMovieDB_viperTests.swift in Sources */ = {isa = PBXBuildFile; fileRef = 62226C8F2A418222001E3130 /* TheMovieDB_viperTests.swift */; };
		62226C9A2A418222001E3130 /* TheMovieDB_viperUITests.swift in Sources */ = {isa = PBXBuildFile; fileRef = 62226C992A418222001E3130 /* TheMovieDB_viperUITests.swift */; };
		62226C9C2A418222001E3130 /* TheMovieDB_viperUITestsLaunchTests.swift in Sources */ = {isa = PBXBuildFile; fileRef = 62226C9B2A418222001E3130 /* TheMovieDB_viperUITestsLaunchTests.swift */; };
		62226CA92A418261001E3130 /* iOS_challenge.pdf in Resources */ = {isa = PBXBuildFile; fileRef = 62226CA82A418261001E3130 /* iOS_challenge.pdf */; };
		62226CB82A418B2B001E3130 /* MovieListViewController.swift in Sources */ = {isa = PBXBuildFile; fileRef = 62226CB72A418B2B001E3130 /* MovieListViewController.swift */; };
		62226CBA2A418B36001E3130 /* MovieListInteractor.swift in Sources */ = {isa = PBXBuildFile; fileRef = 62226CB92A418B36001E3130 /* MovieListInteractor.swift */; };
		62226CBC2A418B40001E3130 /* MovieListPresenter.swift in Sources */ = {isa = PBXBuildFile; fileRef = 62226CBB2A418B40001E3130 /* MovieListPresenter.swift */; };
		62226CBE2A418B49001E3130 /* MovieListModel.swift in Sources */ = {isa = PBXBuildFile; fileRef = 62226CBD2A418B49001E3130 /* MovieListModel.swift */; };
		62226CC02A418B54001E3130 /* MovieListRouter.swift in Sources */ = {isa = PBXBuildFile; fileRef = 62226CBF2A418B54001E3130 /* MovieListRouter.swift */; };
		62226CC22A418B93001E3130 /* MovieListModule.swift in Sources */ = {isa = PBXBuildFile; fileRef = 62226CC12A418B93001E3130 /* MovieListModule.swift */; };
		62226CC42A419DED001E3130 /* MainRouter.swift in Sources */ = {isa = PBXBuildFile; fileRef = 62226CC32A419DED001E3130 /* MainRouter.swift */; };
		62226CC72A41A8E1001E3130 /* APIRouter.swift in Sources */ = {isa = PBXBuildFile; fileRef = 62226CC62A41A8E1001E3130 /* APIRouter.swift */; };
		62226CC92A41AC29001E3130 /* APIClient.swift in Sources */ = {isa = PBXBuildFile; fileRef = 62226CC82A41AC29001E3130 /* APIClient.swift */; };
		62226CCB2A41AD2E001E3130 /* Serializer.swift in Sources */ = {isa = PBXBuildFile; fileRef = 62226CCA2A41AD2E001E3130 /* Serializer.swift */; };
		62226CCD2A41AE94001E3130 /* TMDBError.swift in Sources */ = {isa = PBXBuildFile; fileRef = 62226CCC2A41AE94001E3130 /* TMDBError.swift */; };
		62226CCF2A41EA3F001E3130 /* MovieResponse.swift in Sources */ = {isa = PBXBuildFile; fileRef = 62226CCE2A41EA3F001E3130 /* MovieResponse.swift */; };
		62226CD42A42D1C1001E3130 /* MovieDetailsModule.swift in Sources */ = {isa = PBXBuildFile; fileRef = 62226CD32A42D1C1001E3130 /* MovieDetailsModule.swift */; };
		62226CD62A42D219001E3130 /* MovieDetailsViewController.swift in Sources */ = {isa = PBXBuildFile; fileRef = 62226CD52A42D219001E3130 /* MovieDetailsViewController.swift */; };
		62226CD82A42D233001E3130 /* MovieDetailsInteractor.swift in Sources */ = {isa = PBXBuildFile; fileRef = 62226CD72A42D233001E3130 /* MovieDetailsInteractor.swift */; };
		62226CDA2A42D242001E3130 /* MovieDetailsPresenter.swift in Sources */ = {isa = PBXBuildFile; fileRef = 62226CD92A42D242001E3130 /* MovieDetailsPresenter.swift */; };
		62226CDC2A42D26E001E3130 /* MovieDetailsRouter.swift in Sources */ = {isa = PBXBuildFile; fileRef = 62226CDB2A42D26E001E3130 /* MovieDetailsRouter.swift */; };
		62226CDF2A42DC7D001E3130 /* Then.swift in Sources */ = {isa = PBXBuildFile; fileRef = 62226CDE2A42DC7D001E3130 /* Then.swift */; };
		62226CE22A42DCFB001E3130 /* SnapKit in Frameworks */ = {isa = PBXBuildFile; productRef = 62226CE12A42DCFB001E3130 /* SnapKit */; };
		62226CE42A42F07C001E3130 /* MovieDetailsView.swift in Sources */ = {isa = PBXBuildFile; fileRef = 62226CE32A42F07C001E3130 /* MovieDetailsView.swift */; };
		62226CE72A43025B001E3130 /* FavoritesManager.swift in Sources */ = {isa = PBXBuildFile; fileRef = 62226CE62A43025B001E3130 /* FavoritesManager.swift */; };
		62226CE92A4324A6001E3130 /* ImageService.swift in Sources */ = {isa = PBXBuildFile; fileRef = 62226CE82A4324A6001E3130 /* ImageService.swift */; };
		62226CEC2A433522001E3130 /* Cache.swift in Sources */ = {isa = PBXBuildFile; fileRef = 62226CEB2A433522001E3130 /* Cache.swift */; };
		6259AF282A446CE800F6514C /* MovieListCell.swift in Sources */ = {isa = PBXBuildFile; fileRef = 6259AF272A446CE800F6514C /* MovieListCell.swift */; };
		6259AF2C2A4493C600F6514C /* MovieDetailsModel.swift in Sources */ = {isa = PBXBuildFile; fileRef = 6259AF2B2A4493C600F6514C /* MovieDetailsModel.swift */; };
		6259AF2E2A458C1700F6514C /* UIViewController+showAlert.swift in Sources */ = {isa = PBXBuildFile; fileRef = 6259AF2D2A458C1700F6514C /* UIViewController+showAlert.swift */; };
		6259AF312A458FD800F6514C /* FavoritesButton.swift in Sources */ = {isa = PBXBuildFile; fileRef = 6259AF302A458FD800F6514C /* FavoritesButton.swift */; };
		6259AF332A45928300F6514C /* Bundle+Config.swift in Sources */ = {isa = PBXBuildFile; fileRef = 6259AF322A45928300F6514C /* Bundle+Config.swift */; };
		6259AF382A45A14500F6514C /* Dependent.swift in Sources */ = {isa = PBXBuildFile; fileRef = 6259AF372A45A14500F6514C /* Dependent.swift */; };
		6259AF3A2A45A17C00F6514C /* Dependencies.swift in Sources */ = {isa = PBXBuildFile; fileRef = 6259AF392A45A17C00F6514C /* Dependencies.swift */; };
		6259AF3C2A45A89100F6514C /* MovieModel.swift in Sources */ = {isa = PBXBuildFile; fileRef = 6259AF3B2A45A89100F6514C /* MovieModel.swift */; };
		6259AF3F2A45AB7900F6514C /* TokenProvider.swift in Sources */ = {isa = PBXBuildFile; fileRef = 6259AF3E2A45AB7900F6514C /* TokenProvider.swift */; };
/* End PBXBuildFile section */

/* Begin PBXContainerItemProxy section */
		62226C8C2A418222001E3130 /* PBXContainerItemProxy */ = {
			isa = PBXContainerItemProxy;
			containerPortal = 62226C6D2A418221001E3130 /* Project object */;
			proxyType = 1;
			remoteGlobalIDString = 62226C742A418221001E3130;
			remoteInfo = TheMovieDB_viper;
		};
		62226C962A418222001E3130 /* PBXContainerItemProxy */ = {
			isa = PBXContainerItemProxy;
			containerPortal = 62226C6D2A418221001E3130 /* Project object */;
			proxyType = 1;
			remoteGlobalIDString = 62226C742A418221001E3130;
			remoteInfo = TheMovieDB_viper;
		};
/* End PBXContainerItemProxy section */

/* Begin PBXFileReference section */
		62226C752A418221001E3130 /* TheMovieDB_viper.app */ = {isa = PBXFileReference; explicitFileType = wrapper.application; includeInIndex = 0; path = TheMovieDB_viper.app; sourceTree = BUILT_PRODUCTS_DIR; };
		62226C782A418221001E3130 /* AppDelegate.swift */ = {isa = PBXFileReference; lastKnownFileType = sourcecode.swift; path = AppDelegate.swift; sourceTree = "<group>"; };
		62226C7A2A418221001E3130 /* SceneDelegate.swift */ = {isa = PBXFileReference; lastKnownFileType = sourcecode.swift; path = SceneDelegate.swift; sourceTree = "<group>"; };
		62226C812A418222001E3130 /* Assets.xcassets */ = {isa = PBXFileReference; lastKnownFileType = folder.assetcatalog; path = Assets.xcassets; sourceTree = "<group>"; };
		62226C842A418222001E3130 /* Base */ = {isa = PBXFileReference; lastKnownFileType = file.storyboard; name = Base; path = Base.lproj/LaunchScreen.storyboard; sourceTree = "<group>"; };
		62226C862A418222001E3130 /* Info.plist */ = {isa = PBXFileReference; lastKnownFileType = text.plist.xml; path = Info.plist; sourceTree = "<group>"; };
		62226C8B2A418222001E3130 /* TheMovieDB_viperTests.xctest */ = {isa = PBXFileReference; explicitFileType = wrapper.cfbundle; includeInIndex = 0; path = TheMovieDB_viperTests.xctest; sourceTree = BUILT_PRODUCTS_DIR; };
		62226C8F2A418222001E3130 /* TheMovieDB_viperTests.swift */ = {isa = PBXFileReference; lastKnownFileType = sourcecode.swift; path = TheMovieDB_viperTests.swift; sourceTree = "<group>"; };
		62226C952A418222001E3130 /* TheMovieDB_viperUITests.xctest */ = {isa = PBXFileReference; explicitFileType = wrapper.cfbundle; includeInIndex = 0; path = TheMovieDB_viperUITests.xctest; sourceTree = BUILT_PRODUCTS_DIR; };
		62226C992A418222001E3130 /* TheMovieDB_viperUITests.swift */ = {isa = PBXFileReference; lastKnownFileType = sourcecode.swift; path = TheMovieDB_viperUITests.swift; sourceTree = "<group>"; };
		62226C9B2A418222001E3130 /* TheMovieDB_viperUITestsLaunchTests.swift */ = {isa = PBXFileReference; lastKnownFileType = sourcecode.swift; path = TheMovieDB_viperUITestsLaunchTests.swift; sourceTree = "<group>"; };
		62226CA82A418261001E3130 /* iOS_challenge.pdf */ = {isa = PBXFileReference; lastKnownFileType = image.pdf; path = iOS_challenge.pdf; sourceTree = "<group>"; };
		62226CB72A418B2B001E3130 /* MovieListViewController.swift */ = {isa = PBXFileReference; lastKnownFileType = sourcecode.swift; path = MovieListViewController.swift; sourceTree = "<group>"; };
		62226CB92A418B36001E3130 /* MovieListInteractor.swift */ = {isa = PBXFileReference; lastKnownFileType = sourcecode.swift; path = MovieListInteractor.swift; sourceTree = "<group>"; };
		62226CBB2A418B40001E3130 /* MovieListPresenter.swift */ = {isa = PBXFileReference; lastKnownFileType = sourcecode.swift; path = MovieListPresenter.swift; sourceTree = "<group>"; };
		62226CBD2A418B49001E3130 /* MovieListModel.swift */ = {isa = PBXFileReference; lastKnownFileType = sourcecode.swift; path = MovieListModel.swift; sourceTree = "<group>"; };
		62226CBF2A418B54001E3130 /* MovieListRouter.swift */ = {isa = PBXFileReference; lastKnownFileType = sourcecode.swift; path = MovieListRouter.swift; sourceTree = "<group>"; };
		62226CC12A418B93001E3130 /* MovieListModule.swift */ = {isa = PBXFileReference; lastKnownFileType = sourcecode.swift; path = MovieListModule.swift; sourceTree = "<group>"; };
		62226CC32A419DED001E3130 /* MainRouter.swift */ = {isa = PBXFileReference; lastKnownFileType = sourcecode.swift; path = MainRouter.swift; sourceTree = "<group>"; };
		62226CC62A41A8E1001E3130 /* APIRouter.swift */ = {isa = PBXFileReference; lastKnownFileType = sourcecode.swift; path = APIRouter.swift; sourceTree = "<group>"; };
		62226CC82A41AC29001E3130 /* APIClient.swift */ = {isa = PBXFileReference; lastKnownFileType = sourcecode.swift; path = APIClient.swift; sourceTree = "<group>"; };
		62226CCA2A41AD2E001E3130 /* Serializer.swift */ = {isa = PBXFileReference; lastKnownFileType = sourcecode.swift; path = Serializer.swift; sourceTree = "<group>"; };
		62226CCC2A41AE94001E3130 /* TMDBError.swift */ = {isa = PBXFileReference; lastKnownFileType = sourcecode.swift; path = TMDBError.swift; sourceTree = "<group>"; };
		62226CCE2A41EA3F001E3130 /* MovieResponse.swift */ = {isa = PBXFileReference; lastKnownFileType = sourcecode.swift; path = MovieResponse.swift; sourceTree = "<group>"; };
		62226CD32A42D1C1001E3130 /* MovieDetailsModule.swift */ = {isa = PBXFileReference; lastKnownFileType = sourcecode.swift; path = MovieDetailsModule.swift; sourceTree = "<group>"; };
		62226CD52A42D219001E3130 /* MovieDetailsViewController.swift */ = {isa = PBXFileReference; lastKnownFileType = sourcecode.swift; path = MovieDetailsViewController.swift; sourceTree = "<group>"; };
		62226CD72A42D233001E3130 /* MovieDetailsInteractor.swift */ = {isa = PBXFileReference; lastKnownFileType = sourcecode.swift; path = MovieDetailsInteractor.swift; sourceTree = "<group>"; };
		62226CD92A42D242001E3130 /* MovieDetailsPresenter.swift */ = {isa = PBXFileReference; lastKnownFileType = sourcecode.swift; path = MovieDetailsPresenter.swift; sourceTree = "<group>"; };
		62226CDB2A42D26E001E3130 /* MovieDetailsRouter.swift */ = {isa = PBXFileReference; lastKnownFileType = sourcecode.swift; path = MovieDetailsRouter.swift; sourceTree = "<group>"; };
		62226CDE2A42DC7D001E3130 /* Then.swift */ = {isa = PBXFileReference; lastKnownFileType = sourcecode.swift; path = Then.swift; sourceTree = "<group>"; };
		62226CE32A42F07C001E3130 /* MovieDetailsView.swift */ = {isa = PBXFileReference; lastKnownFileType = sourcecode.swift; path = MovieDetailsView.swift; sourceTree = "<group>"; };
		62226CE62A43025B001E3130 /* FavoritesManager.swift */ = {isa = PBXFileReference; lastKnownFileType = sourcecode.swift; path = FavoritesManager.swift; sourceTree = "<group>"; };
		62226CE82A4324A6001E3130 /* ImageService.swift */ = {isa = PBXFileReference; lastKnownFileType = sourcecode.swift; path = ImageService.swift; sourceTree = "<group>"; };
		62226CEB2A433522001E3130 /* Cache.swift */ = {isa = PBXFileReference; lastKnownFileType = sourcecode.swift; path = Cache.swift; sourceTree = "<group>"; };
		6259AF272A446CE800F6514C /* MovieListCell.swift */ = {isa = PBXFileReference; lastKnownFileType = sourcecode.swift; path = MovieListCell.swift; sourceTree = "<group>"; };
		6259AF2B2A4493C600F6514C /* MovieDetailsModel.swift */ = {isa = PBXFileReference; lastKnownFileType = sourcecode.swift; path = MovieDetailsModel.swift; sourceTree = "<group>"; };
		6259AF2D2A458C1700F6514C /* UIViewController+showAlert.swift */ = {isa = PBXFileReference; lastKnownFileType = sourcecode.swift; path = "UIViewController+showAlert.swift"; sourceTree = "<group>"; };
		6259AF302A458FD800F6514C /* FavoritesButton.swift */ = {isa = PBXFileReference; lastKnownFileType = sourcecode.swift; path = FavoritesButton.swift; sourceTree = "<group>"; };
		6259AF322A45928300F6514C /* Bundle+Config.swift */ = {isa = PBXFileReference; lastKnownFileType = sourcecode.swift; path = "Bundle+Config.swift"; sourceTree = "<group>"; };
		6259AF352A4592E900F6514C /* Config.xcconfig */ = {isa = PBXFileReference; lastKnownFileType = text.xcconfig; path = Config.xcconfig; sourceTree = "<group>"; };
		6259AF372A45A14500F6514C /* Dependent.swift */ = {isa = PBXFileReference; lastKnownFileType = sourcecode.swift; path = Dependent.swift; sourceTree = "<group>"; };
		6259AF392A45A17C00F6514C /* Dependencies.swift */ = {isa = PBXFileReference; lastKnownFileType = sourcecode.swift; path = Dependencies.swift; sourceTree = "<group>"; };
		6259AF3B2A45A89100F6514C /* MovieModel.swift */ = {isa = PBXFileReference; lastKnownFileType = sourcecode.swift; path = MovieModel.swift; sourceTree = "<group>"; };
		6259AF3E2A45AB7900F6514C /* TokenProvider.swift */ = {isa = PBXFileReference; lastKnownFileType = sourcecode.swift; path = TokenProvider.swift; sourceTree = "<group>"; };
/* End PBXFileReference section */

/* Begin PBXFrameworksBuildPhase section */
		62226C722A418221001E3130 /* Frameworks */ = {
			isa = PBXFrameworksBuildPhase;
			buildActionMask = 2147483647;
			files = (
				62226CE22A42DCFB001E3130 /* SnapKit in Frameworks */,
			);
			runOnlyForDeploymentPostprocessing = 0;
		};
		62226C882A418222001E3130 /* Frameworks */ = {
			isa = PBXFrameworksBuildPhase;
			buildActionMask = 2147483647;
			files = (
			);
			runOnlyForDeploymentPostprocessing = 0;
		};
		62226C922A418222001E3130 /* Frameworks */ = {
			isa = PBXFrameworksBuildPhase;
			buildActionMask = 2147483647;
			files = (
			);
			runOnlyForDeploymentPostprocessing = 0;
		};
/* End PBXFrameworksBuildPhase section */

/* Begin PBXGroup section */
		62226C6C2A418221001E3130 = {
			isa = PBXGroup;
			children = (
				62226C772A418221001E3130 /* TheMovieDB_viper */,
				62226C8E2A418222001E3130 /* TheMovieDB_viperTests */,
				62226C982A418222001E3130 /* TheMovieDB_viperUITests */,
				62226C762A418221001E3130 /* Products */,
			);
			sourceTree = "<group>";
		};
		62226C762A418221001E3130 /* Products */ = {
			isa = PBXGroup;
			children = (
				62226C752A418221001E3130 /* TheMovieDB_viper.app */,
				62226C8B2A418222001E3130 /* TheMovieDB_viperTests.xctest */,
				62226C952A418222001E3130 /* TheMovieDB_viperUITests.xctest */,
			);
			name = Products;
			sourceTree = "<group>";
		};
		62226C772A418221001E3130 /* TheMovieDB_viper */ = {
			isa = PBXGroup;
			children = (
				6259AF362A45A13800F6514C /* Dependencies */,
				6259AF342A4592D500F6514C /* Config */,
				6259AF2F2A458FCB00F6514C /* Views */,
				62226CEA2A433519001E3130 /* Services */,
				62226CE52A43024C001E3130 /* Managers */,
				62226CDD2A42DC75001E3130 /* Helpers */,
				62226CAA2A418AAB001E3130 /* Modules */,
				62226CA82A418261001E3130 /* iOS_challenge.pdf */,
				62226C782A418221001E3130 /* AppDelegate.swift */,
				62226C7A2A418221001E3130 /* SceneDelegate.swift */,
				62226C812A418222001E3130 /* Assets.xcassets */,
				62226C832A418222001E3130 /* LaunchScreen.storyboard */,
				62226C862A418222001E3130 /* Info.plist */,
			);
			path = TheMovieDB_viper;
			sourceTree = "<group>";
		};
		62226C8E2A418222001E3130 /* TheMovieDB_viperTests */ = {
			isa = PBXGroup;
			children = (
				62226C8F2A418222001E3130 /* TheMovieDB_viperTests.swift */,
			);
			path = TheMovieDB_viperTests;
			sourceTree = "<group>";
		};
		62226C982A418222001E3130 /* TheMovieDB_viperUITests */ = {
			isa = PBXGroup;
			children = (
				62226C992A418222001E3130 /* TheMovieDB_viperUITests.swift */,
				62226C9B2A418222001E3130 /* TheMovieDB_viperUITestsLaunchTests.swift */,
			);
			path = TheMovieDB_viperUITests;
			sourceTree = "<group>";
		};
		62226CAA2A418AAB001E3130 /* Modules */ = {
			isa = PBXGroup;
			children = (
				62226CB12A418B0F001E3130 /* MovieDetailsModule */,
				62226CAB2A418AB1001E3130 /* MovieListModule */,
				62226CC32A419DED001E3130 /* MainRouter.swift */,
			);
			path = Modules;
			sourceTree = "<group>";
		};
		62226CAB2A418AB1001E3130 /* MovieListModule */ = {
			isa = PBXGroup;
			children = (
				62226CC12A418B93001E3130 /* MovieListModule.swift */,
				62226CB02A418AEC001E3130 /* View */,
				62226CAD2A418ACE001E3130 /* Interactor */,
				62226CAE2A418AD8001E3130 /* Presenter */,
				62226CAC2A418AC1001E3130 /* Entity */,
				62226CAF2A418AE6001E3130 /* Router */,
			);
			path = MovieListModule;
			sourceTree = "<group>";
		};
		62226CAC2A418AC1001E3130 /* Entity */ = {
			isa = PBXGroup;
			children = (
				62226CBD2A418B49001E3130 /* MovieListModel.swift */,
			);
			path = Entity;
			sourceTree = "<group>";
		};
		62226CAD2A418ACE001E3130 /* Interactor */ = {
			isa = PBXGroup;
			children = (
				62226CB92A418B36001E3130 /* MovieListInteractor.swift */,
			);
			path = Interactor;
			sourceTree = "<group>";
		};
		62226CAE2A418AD8001E3130 /* Presenter */ = {
			isa = PBXGroup;
			children = (
				62226CBB2A418B40001E3130 /* MovieListPresenter.swift */,
			);
			path = Presenter;
			sourceTree = "<group>";
		};
		62226CAF2A418AE6001E3130 /* Router */ = {
			isa = PBXGroup;
			children = (
				62226CBF2A418B54001E3130 /* MovieListRouter.swift */,
			);
			path = Router;
			sourceTree = "<group>";
		};
		62226CB02A418AEC001E3130 /* View */ = {
			isa = PBXGroup;
			children = (
				62226CB72A418B2B001E3130 /* MovieListViewController.swift */,
				6259AF272A446CE800F6514C /* MovieListCell.swift */,
			);
			path = View;
			sourceTree = "<group>";
		};
		62226CB12A418B0F001E3130 /* MovieDetailsModule */ = {
			isa = PBXGroup;
			children = (
				62226CD32A42D1C1001E3130 /* MovieDetailsModule.swift */,
				62226CB22A418B0F001E3130 /* Entity */,
				62226CB32A418B0F001E3130 /* Presenter */,
				62226CB42A418B0F001E3130 /* View */,
				62226CB52A418B0F001E3130 /* Interactor */,
				62226CB62A418B0F001E3130 /* Router */,
			);
			path = MovieDetailsModule;
			sourceTree = "<group>";
		};
		62226CB22A418B0F001E3130 /* Entity */ = {
			isa = PBXGroup;
			children = (
				6259AF2B2A4493C600F6514C /* MovieDetailsModel.swift */,
			);
			path = Entity;
			sourceTree = "<group>";
		};
		62226CB32A418B0F001E3130 /* Presenter */ = {
			isa = PBXGroup;
			children = (
				62226CD92A42D242001E3130 /* MovieDetailsPresenter.swift */,
			);
			path = Presenter;
			sourceTree = "<group>";
		};
		62226CB42A418B0F001E3130 /* View */ = {
			isa = PBXGroup;
			children = (
				62226CD52A42D219001E3130 /* MovieDetailsViewController.swift */,
				62226CE32A42F07C001E3130 /* MovieDetailsView.swift */,
			);
			path = View;
			sourceTree = "<group>";
		};
		62226CB52A418B0F001E3130 /* Interactor */ = {
			isa = PBXGroup;
			children = (
				62226CD72A42D233001E3130 /* MovieDetailsInteractor.swift */,
			);
			path = Interactor;
			sourceTree = "<group>";
		};
		62226CB62A418B0F001E3130 /* Router */ = {
			isa = PBXGroup;
			children = (
				62226CDB2A42D26E001E3130 /* MovieDetailsRouter.swift */,
			);
			path = Router;
			sourceTree = "<group>";
		};
		62226CC52A41A8D4001E3130 /* Networking */ = {
			isa = PBXGroup;
			children = (
				62226CC62A41A8E1001E3130 /* APIRouter.swift */,
				62226CC82A41AC29001E3130 /* APIClient.swift */,
				6259AF3E2A45AB7900F6514C /* TokenProvider.swift */,
				62226CCA2A41AD2E001E3130 /* Serializer.swift */,
				62226CCC2A41AE94001E3130 /* TMDBError.swift */,
				6259AF3D2A45A89C00F6514C /* Response */,
			);
			path = Networking;
			sourceTree = "<group>";
		};
		62226CDD2A42DC75001E3130 /* Helpers */ = {
			isa = PBXGroup;
			children = (
				62226CDE2A42DC7D001E3130 /* Then.swift */,
				6259AF2D2A458C1700F6514C /* UIViewController+showAlert.swift */,
				6259AF322A45928300F6514C /* Bundle+Config.swift */,
			);
			path = Helpers;
			sourceTree = "<group>";
		};
		62226CE52A43024C001E3130 /* Managers */ = {
			isa = PBXGroup;
			children = (
				62226CE62A43025B001E3130 /* FavoritesManager.swift */,
			);
			path = Managers;
			sourceTree = "<group>";
		};
		62226CEA2A433519001E3130 /* Services */ = {
			isa = PBXGroup;
			children = (
				62226CC52A41A8D4001E3130 /* Networking */,
				62226CEB2A433522001E3130 /* Cache.swift */,
				62226CE82A4324A6001E3130 /* ImageService.swift */,
			);
			path = Services;
			sourceTree = "<group>";
		};
		6259AF2F2A458FCB00F6514C /* Views */ = {
			isa = PBXGroup;
			children = (
				6259AF302A458FD800F6514C /* FavoritesButton.swift */,
			);
			path = Views;
			sourceTree = "<group>";
		};
		6259AF342A4592D500F6514C /* Config */ = {
			isa = PBXGroup;
			children = (
				6259AF352A4592E900F6514C /* Config.xcconfig */,
			);
			path = Config;
			sourceTree = "<group>";
		};
		6259AF362A45A13800F6514C /* Dependencies */ = {
			isa = PBXGroup;
			children = (
				6259AF372A45A14500F6514C /* Dependent.swift */,
				6259AF392A45A17C00F6514C /* Dependencies.swift */,
			);
			path = Dependencies;
			sourceTree = "<group>";
		};
		6259AF3D2A45A89C00F6514C /* Response */ = {
			isa = PBXGroup;
			children = (
				62226CCE2A41EA3F001E3130 /* MovieResponse.swift */,
				6259AF3B2A45A89100F6514C /* MovieModel.swift */,
			);
			path = Response;
			sourceTree = "<group>";
		};
/* End PBXGroup section */

/* Begin PBXNativeTarget section */
		62226C742A418221001E3130 /* TheMovieDB_viper */ = {
			isa = PBXNativeTarget;
			buildConfigurationList = 62226C9F2A418222001E3130 /* Build configuration list for PBXNativeTarget "TheMovieDB_viper" */;
			buildPhases = (
				62226C712A418221001E3130 /* Sources */,
				62226C722A418221001E3130 /* Frameworks */,
				62226C732A418221001E3130 /* Resources */,
			);
			buildRules = (
			);
			dependencies = (
			);
			name = TheMovieDB_viper;
			packageProductDependencies = (
				62226CE12A42DCFB001E3130 /* SnapKit */,
			);
			productName = TheMovieDB_viper;
			productReference = 62226C752A418221001E3130 /* TheMovieDB_viper.app */;
			productType = "com.apple.product-type.application";
		};
		62226C8A2A418222001E3130 /* TheMovieDB_viperTests */ = {
			isa = PBXNativeTarget;
			buildConfigurationList = 62226CA22A418222001E3130 /* Build configuration list for PBXNativeTarget "TheMovieDB_viperTests" */;
			buildPhases = (
				62226C872A418222001E3130 /* Sources */,
				62226C882A418222001E3130 /* Frameworks */,
				62226C892A418222001E3130 /* Resources */,
			);
			buildRules = (
			);
			dependencies = (
				62226C8D2A418222001E3130 /* PBXTargetDependency */,
			);
			name = TheMovieDB_viperTests;
			productName = TheMovieDB_viperTests;
			productReference = 62226C8B2A418222001E3130 /* TheMovieDB_viperTests.xctest */;
			productType = "com.apple.product-type.bundle.unit-test";
		};
		62226C942A418222001E3130 /* TheMovieDB_viperUITests */ = {
			isa = PBXNativeTarget;
			buildConfigurationList = 62226CA52A418222001E3130 /* Build configuration list for PBXNativeTarget "TheMovieDB_viperUITests" */;
			buildPhases = (
				62226C912A418222001E3130 /* Sources */,
				62226C922A418222001E3130 /* Frameworks */,
				62226C932A418222001E3130 /* Resources */,
			);
			buildRules = (
			);
			dependencies = (
				62226C972A418222001E3130 /* PBXTargetDependency */,
			);
			name = TheMovieDB_viperUITests;
			productName = TheMovieDB_viperUITests;
			productReference = 62226C952A418222001E3130 /* TheMovieDB_viperUITests.xctest */;
			productType = "com.apple.product-type.bundle.ui-testing";
		};
/* End PBXNativeTarget section */

/* Begin PBXProject section */
		62226C6D2A418221001E3130 /* Project object */ = {
			isa = PBXProject;
			attributes = {
				BuildIndependentTargetsInParallel = 1;
				LastSwiftUpdateCheck = 1430;
				LastUpgradeCheck = 1430;
				TargetAttributes = {
					62226C742A418221001E3130 = {
						CreatedOnToolsVersion = 14.3;
					};
					62226C8A2A418222001E3130 = {
						CreatedOnToolsVersion = 14.3;
						TestTargetID = 62226C742A418221001E3130;
					};
					62226C942A418222001E3130 = {
						CreatedOnToolsVersion = 14.3;
						TestTargetID = 62226C742A418221001E3130;
					};
				};
			};
			buildConfigurationList = 62226C702A418221001E3130 /* Build configuration list for PBXProject "TheMovieDB_viper" */;
			compatibilityVersion = "Xcode 14.0";
			developmentRegion = en;
			hasScannedForEncodings = 0;
			knownRegions = (
				en,
				Base,
			);
			mainGroup = 62226C6C2A418221001E3130;
			packageReferences = (
				62226CE02A42DCFB001E3130 /* XCRemoteSwiftPackageReference "SnapKit" */,
			);
			productRefGroup = 62226C762A418221001E3130 /* Products */;
			projectDirPath = "";
			projectRoot = "";
			targets = (
				62226C742A418221001E3130 /* TheMovieDB_viper */,
				62226C8A2A418222001E3130 /* TheMovieDB_viperTests */,
				62226C942A418222001E3130 /* TheMovieDB_viperUITests */,
			);
		};
/* End PBXProject section */

/* Begin PBXResourcesBuildPhase section */
		62226C732A418221001E3130 /* Resources */ = {
			isa = PBXResourcesBuildPhase;
			buildActionMask = 2147483647;
			files = (
				62226C852A418222001E3130 /* LaunchScreen.storyboard in Resources */,
				62226C822A418222001E3130 /* Assets.xcassets in Resources */,
				62226CA92A418261001E3130 /* iOS_challenge.pdf in Resources */,
			);
			runOnlyForDeploymentPostprocessing = 0;
		};
		62226C892A418222001E3130 /* Resources */ = {
			isa = PBXResourcesBuildPhase;
			buildActionMask = 2147483647;
			files = (
			);
			runOnlyForDeploymentPostprocessing = 0;
		};
		62226C932A418222001E3130 /* Resources */ = {
			isa = PBXResourcesBuildPhase;
			buildActionMask = 2147483647;
			files = (
			);
			runOnlyForDeploymentPostprocessing = 0;
		};
/* End PBXResourcesBuildPhase section */

/* Begin PBXSourcesBuildPhase section */
		62226C712A418221001E3130 /* Sources */ = {
			isa = PBXSourcesBuildPhase;
			buildActionMask = 2147483647;
			files = (
				62226CD62A42D219001E3130 /* MovieDetailsViewController.swift in Sources */,
				62226CCD2A41AE94001E3130 /* TMDBError.swift in Sources */,
				62226CBE2A418B49001E3130 /* MovieListModel.swift in Sources */,
				6259AF332A45928300F6514C /* Bundle+Config.swift in Sources */,
				62226CD42A42D1C1001E3130 /* MovieDetailsModule.swift in Sources */,
				6259AF2E2A458C1700F6514C /* UIViewController+showAlert.swift in Sources */,
				62226CC72A41A8E1001E3130 /* APIRouter.swift in Sources */,
				62226CE72A43025B001E3130 /* FavoritesManager.swift in Sources */,
				62226CBC2A418B40001E3130 /* MovieListPresenter.swift in Sources */,
				62226C792A418221001E3130 /* AppDelegate.swift in Sources */,
				62226CE92A4324A6001E3130 /* ImageService.swift in Sources */,
				62226CBA2A418B36001E3130 /* MovieListInteractor.swift in Sources */,
				6259AF382A45A14500F6514C /* Dependent.swift in Sources */,
				6259AF3F2A45AB7900F6514C /* TokenProvider.swift in Sources */,
				6259AF312A458FD800F6514C /* FavoritesButton.swift in Sources */,
				62226CDF2A42DC7D001E3130 /* Then.swift in Sources */,
				62226CDA2A42D242001E3130 /* MovieDetailsPresenter.swift in Sources */,
				62226CD82A42D233001E3130 /* MovieDetailsInteractor.swift in Sources */,
				62226CC92A41AC29001E3130 /* APIClient.swift in Sources */,
				6259AF2C2A4493C600F6514C /* MovieDetailsModel.swift in Sources */,
				6259AF3A2A45A17C00F6514C /* Dependencies.swift in Sources */,
				62226CCF2A41EA3F001E3130 /* MovieResponse.swift in Sources */,
				62226CCB2A41AD2E001E3130 /* Serializer.swift in Sources */,
				62226CC42A419DED001E3130 /* MainRouter.swift in Sources */,
				62226CEC2A433522001E3130 /* Cache.swift in Sources */,
				62226CE42A42F07C001E3130 /* MovieDetailsView.swift in Sources */,
				62226CC22A418B93001E3130 /* MovieListModule.swift in Sources */,
				6259AF282A446CE800F6514C /* MovieListCell.swift in Sources */,
				62226CC02A418B54001E3130 /* MovieListRouter.swift in Sources */,
				6259AF3C2A45A89100F6514C /* MovieModel.swift in Sources */,
				62226C7B2A418221001E3130 /* SceneDelegate.swift in Sources */,
				62226CB82A418B2B001E3130 /* MovieListViewController.swift in Sources */,
				62226CDC2A42D26E001E3130 /* MovieDetailsRouter.swift in Sources */,
			);
			runOnlyForDeploymentPostprocessing = 0;
		};
		62226C872A418222001E3130 /* Sources */ = {
			isa = PBXSourcesBuildPhase;
			buildActionMask = 2147483647;
			files = (
				62226C902A418222001E3130 /* TheMovieDB_viperTests.swift in Sources */,
			);
			runOnlyForDeploymentPostprocessing = 0;
		};
		62226C912A418222001E3130 /* Sources */ = {
			isa = PBXSourcesBuildPhase;
			buildActionMask = 2147483647;
			files = (
				62226C9C2A418222001E3130 /* TheMovieDB_viperUITestsLaunchTests.swift in Sources */,
				62226C9A2A418222001E3130 /* TheMovieDB_viperUITests.swift in Sources */,
			);
			runOnlyForDeploymentPostprocessing = 0;
		};
/* End PBXSourcesBuildPhase section */

/* Begin PBXTargetDependency section */
		62226C8D2A418222001E3130 /* PBXTargetDependency */ = {
			isa = PBXTargetDependency;
			target = 62226C742A418221001E3130 /* TheMovieDB_viper */;
			targetProxy = 62226C8C2A418222001E3130 /* PBXContainerItemProxy */;
		};
		62226C972A418222001E3130 /* PBXTargetDependency */ = {
			isa = PBXTargetDependency;
			target = 62226C742A418221001E3130 /* TheMovieDB_viper */;
			targetProxy = 62226C962A418222001E3130 /* PBXContainerItemProxy */;
		};
/* End PBXTargetDependency section */

/* Begin PBXVariantGroup section */
		62226C832A418222001E3130 /* LaunchScreen.storyboard */ = {
			isa = PBXVariantGroup;
			children = (
				62226C842A418222001E3130 /* Base */,
			);
			name = LaunchScreen.storyboard;
			sourceTree = "<group>";
		};
/* End PBXVariantGroup section */

/* Begin XCBuildConfiguration section */
		62226C9D2A418222001E3130 /* Debug */ = {
			isa = XCBuildConfiguration;
			buildSettings = {
				ALWAYS_SEARCH_USER_PATHS = NO;
				CLANG_ANALYZER_NONNULL = YES;
				CLANG_ANALYZER_NUMBER_OBJECT_CONVERSION = YES_AGGRESSIVE;
				CLANG_CXX_LANGUAGE_STANDARD = "gnu++20";
				CLANG_ENABLE_MODULES = YES;
				CLANG_ENABLE_OBJC_ARC = YES;
				CLANG_ENABLE_OBJC_WEAK = YES;
				CLANG_WARN_BLOCK_CAPTURE_AUTORELEASING = YES;
				CLANG_WARN_BOOL_CONVERSION = YES;
				CLANG_WARN_COMMA = YES;
				CLANG_WARN_CONSTANT_CONVERSION = YES;
				CLANG_WARN_DEPRECATED_OBJC_IMPLEMENTATIONS = YES;
				CLANG_WARN_DIRECT_OBJC_ISA_USAGE = YES_ERROR;
				CLANG_WARN_DOCUMENTATION_COMMENTS = YES;
				CLANG_WARN_EMPTY_BODY = YES;
				CLANG_WARN_ENUM_CONVERSION = YES;
				CLANG_WARN_INFINITE_RECURSION = YES;
				CLANG_WARN_INT_CONVERSION = YES;
				CLANG_WARN_NON_LITERAL_NULL_CONVERSION = YES;
				CLANG_WARN_OBJC_IMPLICIT_RETAIN_SELF = YES;
				CLANG_WARN_OBJC_LITERAL_CONVERSION = YES;
				CLANG_WARN_OBJC_ROOT_CLASS = YES_ERROR;
				CLANG_WARN_QUOTED_INCLUDE_IN_FRAMEWORK_HEADER = YES;
				CLANG_WARN_RANGE_LOOP_ANALYSIS = YES;
				CLANG_WARN_STRICT_PROTOTYPES = YES;
				CLANG_WARN_SUSPICIOUS_MOVE = YES;
				CLANG_WARN_UNGUARDED_AVAILABILITY = YES_AGGRESSIVE;
				CLANG_WARN_UNREACHABLE_CODE = YES;
				CLANG_WARN__DUPLICATE_METHOD_MATCH = YES;
				COPY_PHASE_STRIP = NO;
				DEBUG_INFORMATION_FORMAT = dwarf;
				ENABLE_STRICT_OBJC_MSGSEND = YES;
				ENABLE_TESTABILITY = YES;
				GCC_C_LANGUAGE_STANDARD = gnu11;
				GCC_DYNAMIC_NO_PIC = NO;
				GCC_NO_COMMON_BLOCKS = YES;
				GCC_OPTIMIZATION_LEVEL = 0;
				GCC_PREPROCESSOR_DEFINITIONS = (
					"DEBUG=1",
					"$(inherited)",
				);
				GCC_WARN_64_TO_32_BIT_CONVERSION = YES;
				GCC_WARN_ABOUT_RETURN_TYPE = YES_ERROR;
				GCC_WARN_UNDECLARED_SELECTOR = YES;
				GCC_WARN_UNINITIALIZED_AUTOS = YES_AGGRESSIVE;
				GCC_WARN_UNUSED_FUNCTION = YES;
				GCC_WARN_UNUSED_VARIABLE = YES;
				IPHONEOS_DEPLOYMENT_TARGET = 16.4;
				MTL_ENABLE_DEBUG_INFO = INCLUDE_SOURCE;
				MTL_FAST_MATH = YES;
				ONLY_ACTIVE_ARCH = YES;
				SDKROOT = iphoneos;
				SWIFT_ACTIVE_COMPILATION_CONDITIONS = DEBUG;
				SWIFT_OPTIMIZATION_LEVEL = "-Onone";
			};
			name = Debug;
		};
		62226C9E2A418222001E3130 /* Release */ = {
			isa = XCBuildConfiguration;
			buildSettings = {
				ALWAYS_SEARCH_USER_PATHS = NO;
				CLANG_ANALYZER_NONNULL = YES;
				CLANG_ANALYZER_NUMBER_OBJECT_CONVERSION = YES_AGGRESSIVE;
				CLANG_CXX_LANGUAGE_STANDARD = "gnu++20";
				CLANG_ENABLE_MODULES = YES;
				CLANG_ENABLE_OBJC_ARC = YES;
				CLANG_ENABLE_OBJC_WEAK = YES;
				CLANG_WARN_BLOCK_CAPTURE_AUTORELEASING = YES;
				CLANG_WARN_BOOL_CONVERSION = YES;
				CLANG_WARN_COMMA = YES;
				CLANG_WARN_CONSTANT_CONVERSION = YES;
				CLANG_WARN_DEPRECATED_OBJC_IMPLEMENTATIONS = YES;
				CLANG_WARN_DIRECT_OBJC_ISA_USAGE = YES_ERROR;
				CLANG_WARN_DOCUMENTATION_COMMENTS = YES;
				CLANG_WARN_EMPTY_BODY = YES;
				CLANG_WARN_ENUM_CONVERSION = YES;
				CLANG_WARN_INFINITE_RECURSION = YES;
				CLANG_WARN_INT_CONVERSION = YES;
				CLANG_WARN_NON_LITERAL_NULL_CONVERSION = YES;
				CLANG_WARN_OBJC_IMPLICIT_RETAIN_SELF = YES;
				CLANG_WARN_OBJC_LITERAL_CONVERSION = YES;
				CLANG_WARN_OBJC_ROOT_CLASS = YES_ERROR;
				CLANG_WARN_QUOTED_INCLUDE_IN_FRAMEWORK_HEADER = YES;
				CLANG_WARN_RANGE_LOOP_ANALYSIS = YES;
				CLANG_WARN_STRICT_PROTOTYPES = YES;
				CLANG_WARN_SUSPICIOUS_MOVE = YES;
				CLANG_WARN_UNGUARDED_AVAILABILITY = YES_AGGRESSIVE;
				CLANG_WARN_UNREACHABLE_CODE = YES;
				CLANG_WARN__DUPLICATE_METHOD_MATCH = YES;
				COPY_PHASE_STRIP = NO;
				DEBUG_INFORMATION_FORMAT = "dwarf-with-dsym";
				ENABLE_NS_ASSERTIONS = NO;
				ENABLE_STRICT_OBJC_MSGSEND = YES;
				GCC_C_LANGUAGE_STANDARD = gnu11;
				GCC_NO_COMMON_BLOCKS = YES;
				GCC_WARN_64_TO_32_BIT_CONVERSION = YES;
				GCC_WARN_ABOUT_RETURN_TYPE = YES_ERROR;
				GCC_WARN_UNDECLARED_SELECTOR = YES;
				GCC_WARN_UNINITIALIZED_AUTOS = YES_AGGRESSIVE;
				GCC_WARN_UNUSED_FUNCTION = YES;
				GCC_WARN_UNUSED_VARIABLE = YES;
				IPHONEOS_DEPLOYMENT_TARGET = 16.4;
				MTL_ENABLE_DEBUG_INFO = NO;
				MTL_FAST_MATH = YES;
				SDKROOT = iphoneos;
				SWIFT_COMPILATION_MODE = wholemodule;
				SWIFT_OPTIMIZATION_LEVEL = "-O";
				VALIDATE_PRODUCT = YES;
			};
			name = Release;
		};
		62226CA02A418222001E3130 /* Debug */ = {
			isa = XCBuildConfiguration;
			baseConfigurationReference = 6259AF352A4592E900F6514C /* Config.xcconfig */;
			buildSettings = {
				ASSETCATALOG_COMPILER_APPICON_NAME = AppIcon;
				ASSETCATALOG_COMPILER_GLOBAL_ACCENT_COLOR_NAME = AccentColor;
				CODE_SIGN_STYLE = Automatic;
				CURRENT_PROJECT_VERSION = 1;
				DEVELOPMENT_TEAM = J32NE6EA4M;
				GENERATE_INFOPLIST_FILE = YES;
				INFOPLIST_FILE = TheMovieDB_viper/Info.plist;
				INFOPLIST_KEY_UIApplicationSupportsIndirectInputEvents = YES;
				INFOPLIST_KEY_UILaunchStoryboardName = LaunchScreen;
				INFOPLIST_KEY_UISupportedInterfaceOrientations_iPad = "UIInterfaceOrientationPortrait UIInterfaceOrientationPortraitUpsideDown UIInterfaceOrientationLandscapeLeft UIInterfaceOrientationLandscapeRight";
				INFOPLIST_KEY_UISupportedInterfaceOrientations_iPhone = "UIInterfaceOrientationPortrait UIInterfaceOrientationLandscapeLeft UIInterfaceOrientationLandscapeRight";
				IPHONEOS_DEPLOYMENT_TARGET = 13.0;
				LD_RUNPATH_SEARCH_PATHS = (
					"$(inherited)",
					"@executable_path/Frameworks",
				);
				MARKETING_VERSION = 1.0;
				PRODUCT_BUNDLE_IDENTIFIER = "com.st4n.movieDB.TheMovieDB-viper";
				PRODUCT_NAME = "$(TARGET_NAME)";
				SWIFT_EMIT_LOC_STRINGS = YES;
				SWIFT_VERSION = 5.0;
				TARGETED_DEVICE_FAMILY = "1,2";
			};
			name = Debug;
		};
		62226CA12A418222001E3130 /* Release */ = {
			isa = XCBuildConfiguration;
			baseConfigurationReference = 6259AF352A4592E900F6514C /* Config.xcconfig */;
			buildSettings = {
				ASSETCATALOG_COMPILER_APPICON_NAME = AppIcon;
				ASSETCATALOG_COMPILER_GLOBAL_ACCENT_COLOR_NAME = AccentColor;
				CODE_SIGN_STYLE = Automatic;
				CURRENT_PROJECT_VERSION = 1;
				DEVELOPMENT_TEAM = J32NE6EA4M;
				GENERATE_INFOPLIST_FILE = YES;
				INFOPLIST_FILE = TheMovieDB_viper/Info.plist;
				INFOPLIST_KEY_UIApplicationSupportsIndirectInputEvents = YES;
				INFOPLIST_KEY_UILaunchStoryboardName = LaunchScreen;
				INFOPLIST_KEY_UISupportedInterfaceOrientations_iPad = "UIInterfaceOrientationPortrait UIInterfaceOrientationPortraitUpsideDown UIInterfaceOrientationLandscapeLeft UIInterfaceOrientationLandscapeRight";
				INFOPLIST_KEY_UISupportedInterfaceOrientations_iPhone = "UIInterfaceOrientationPortrait UIInterfaceOrientationLandscapeLeft UIInterfaceOrientationLandscapeRight";
				IPHONEOS_DEPLOYMENT_TARGET = 13.0;
				LD_RUNPATH_SEARCH_PATHS = (
					"$(inherited)",
					"@executable_path/Frameworks",
				);
				MARKETING_VERSION = 1.0;
				PRODUCT_BUNDLE_IDENTIFIER = "com.st4n.movieDB.TheMovieDB-viper";
				PRODUCT_NAME = "$(TARGET_NAME)";
				SWIFT_EMIT_LOC_STRINGS = YES;
				SWIFT_VERSION = 5.0;
				TARGETED_DEVICE_FAMILY = "1,2";
			};
			name = Release;
		};
		62226CA32A418222001E3130 /* Debug */ = {
			isa = XCBuildConfiguration;
			baseConfigurationReference = 6259AF352A4592E900F6514C /* Config.xcconfig */;
			buildSettings = {
				ALWAYS_EMBED_SWIFT_STANDARD_LIBRARIES = YES;
				BUNDLE_LOADER = "$(TEST_HOST)";
				CODE_SIGN_STYLE = Automatic;
				CURRENT_PROJECT_VERSION = 1;
				GENERATE_INFOPLIST_FILE = YES;
				IPHONEOS_DEPLOYMENT_TARGET = 16.4;
				MARKETING_VERSION = 1.0;
				PRODUCT_BUNDLE_IDENTIFIER = "com.st4n.movieDB.TheMovieDB-viperTests";
				PRODUCT_NAME = "$(TARGET_NAME)";
				SWIFT_EMIT_LOC_STRINGS = NO;
				SWIFT_VERSION = 5.0;
				TARGETED_DEVICE_FAMILY = "1,2";
				TEST_HOST = "$(BUILT_PRODUCTS_DIR)/TheMovieDB_viper.app/$(BUNDLE_EXECUTABLE_FOLDER_PATH)/TheMovieDB_viper";
			};
			name = Debug;
		};
		62226CA42A418222001E3130 /* Release */ = {
			isa = XCBuildConfiguration;
			baseConfigurationReference = 6259AF352A4592E900F6514C /* Config.xcconfig */;
			buildSettings = {
				ALWAYS_EMBED_SWIFT_STANDARD_LIBRARIES = YES;
				BUNDLE_LOADER = "$(TEST_HOST)";
				CODE_SIGN_STYLE = Automatic;
				CURRENT_PROJECT_VERSION = 1;
				GENERATE_INFOPLIST_FILE = YES;
				IPHONEOS_DEPLOYMENT_TARGET = 16.4;
				MARKETING_VERSION = 1.0;
				PRODUCT_BUNDLE_IDENTIFIER = "com.st4n.movieDB.TheMovieDB-viperTests";
				PRODUCT_NAME = "$(TARGET_NAME)";
				SWIFT_EMIT_LOC_STRINGS = NO;
				SWIFT_VERSION = 5.0;
				TARGETED_DEVICE_FAMILY = "1,2";
				TEST_HOST = "$(BUILT_PRODUCTS_DIR)/TheMovieDB_viper.app/$(BUNDLE_EXECUTABLE_FOLDER_PATH)/TheMovieDB_viper";
			};
			name = Release;
		};
		62226CA62A418222001E3130 /* Debug */ = {
			isa = XCBuildConfiguration;
			buildSettings = {
				ALWAYS_EMBED_SWIFT_STANDARD_LIBRARIES = YES;
				CODE_SIGN_STYLE = Automatic;
				CURRENT_PROJECT_VERSION = 1;
				GENERATE_INFOPLIST_FILE = YES;
				MARKETING_VERSION = 1.0;
				PRODUCT_BUNDLE_IDENTIFIER = "com.st4n.movieDB.TheMovieDB-viperUITests";
				PRODUCT_NAME = "$(TARGET_NAME)";
				SWIFT_EMIT_LOC_STRINGS = NO;
				SWIFT_VERSION = 5.0;
				TARGETED_DEVICE_FAMILY = "1,2";
				TEST_TARGET_NAME = TheMovieDB_viper;
			};
			name = Debug;
		};
		62226CA72A418222001E3130 /* Release */ = {
			isa = XCBuildConfiguration;
			buildSettings = {
				ALWAYS_EMBED_SWIFT_STANDARD_LIBRARIES = YES;
				CODE_SIGN_STYLE = Automatic;
				CURRENT_PROJECT_VERSION = 1;
				GENERATE_INFOPLIST_FILE = YES;
				MARKETING_VERSION = 1.0;
				PRODUCT_BUNDLE_IDENTIFIER = "com.st4n.movieDB.TheMovieDB-viperUITests";
				PRODUCT_NAME = "$(TARGET_NAME)";
				SWIFT_EMIT_LOC_STRINGS = NO;
				SWIFT_VERSION = 5.0;
				TARGETED_DEVICE_FAMILY = "1,2";
				TEST_TARGET_NAME = TheMovieDB_viper;
			};
			name = Release;
		};
/* End XCBuildConfiguration section */

/* Begin XCConfigurationList section */
		62226C702A418221001E3130 /* Build configuration list for PBXProject "TheMovieDB_viper" */ = {
			isa = XCConfigurationList;
			buildConfigurations = (
				62226C9D2A418222001E3130 /* Debug */,
				62226C9E2A418222001E3130 /* Release */,
			);
			defaultConfigurationIsVisible = 0;
			defaultConfigurationName = Release;
		};
		62226C9F2A418222001E3130 /* Build configuration list for PBXNativeTarget "TheMovieDB_viper" */ = {
			isa = XCConfigurationList;
			buildConfigurations = (
				62226CA02A418222001E3130 /* Debug */,
				62226CA12A418222001E3130 /* Release */,
			);
			defaultConfigurationIsVisible = 0;
			defaultConfigurationName = Release;
		};
		62226CA22A418222001E3130 /* Build configuration list for PBXNativeTarget "TheMovieDB_viperTests" */ = {
			isa = XCConfigurationList;
			buildConfigurations = (
				62226CA32A418222001E3130 /* Debug */,
				62226CA42A418222001E3130 /* Release */,
			);
			defaultConfigurationIsVisible = 0;
			defaultConfigurationName = Release;
		};
		62226CA52A418222001E3130 /* Build configuration list for PBXNativeTarget "TheMovieDB_viperUITests" */ = {
			isa = XCConfigurationList;
			buildConfigurations = (
				62226CA62A418222001E3130 /* Debug */,
				62226CA72A418222001E3130 /* Release */,
			);
			defaultConfigurationIsVisible = 0;
			defaultConfigurationName = Release;
		};
/* End XCConfigurationList section */

/* Begin XCRemoteSwiftPackageReference section */
		62226CE02A42DCFB001E3130 /* XCRemoteSwiftPackageReference "SnapKit" */ = {
			isa = XCRemoteSwiftPackageReference;
			repositoryURL = "https://github.com/SnapKit/SnapKit";
			requirement = {
				kind = upToNextMajorVersion;
				minimumVersion = 5.0.0;
			};
		};
/* End XCRemoteSwiftPackageReference section */

/* Begin XCSwiftPackageProductDependency section */
		62226CE12A42DCFB001E3130 /* SnapKit */ = {
			isa = XCSwiftPackageProductDependency;
			package = 62226CE02A42DCFB001E3130 /* XCRemoteSwiftPackageReference "SnapKit" */;
			productName = SnapKit;
		};
/* End XCSwiftPackageProductDependency section */
	};
	rootObject = 62226C6D2A418221001E3130 /* Project object */;
}
